
Microsoft Visual Studio Solution File, Format Version 12.00
# Visual Studio Version 16
VisualStudioVersion = 16.0.32413.511
MinimumVisualStudioVersion = 10.0.40219.1
Project("{FAE04EC0-301F-11D3-BF4B-00C04F79EFBC}") = "Project2", "Project2\Project2.csproj", "{8692FA92-36F4-45A8-A058-DC5A0A1BD418}"
EndProject
Global
	GlobalSection(SolutionConfigurationPlatforms) = preSolution
		Debug|Any CPU = Debug|Any CPU
		Release|Any CPU = Release|Any CPU
	EndGlobalSection
	GlobalSection(ProjectConfigurationPlatforms) = postSolution
		{8692FA92-36F4-45A8-A058-DC5A0A1BD418}.Debug|Any CPU.ActiveCfg = Debug|Any CPU
		{8692FA92-36F4-45A8-A058-DC5A0A1BD418}.Debug|Any CPU.Build.0 = Debug|Any CPU
		{8692FA92-36F4-45A8-A058-DC5A0A1BD418}.Release|Any CPU.ActiveCfg = Release|Any CPU
		{8692FA92-36F4-45A8-A058-DC5A0A1BD418}.Release|Any CPU.Build.0 = Release|Any CPU
	EndGlobalSection
	GlobalSection(SolutionProperties) = preSolution
		HideSolutionNode = FALSE
	EndGlobalSection
	GlobalSection(ExtensibilityGlobals) = postSolution
		SolutionGuid = {989ABF31-F325-480D-9F55-09F93C00ED8F}
	EndGlobalSection
EndGlobal
